// !$*UTF8*$!
{
	archiveVersion = 1;
	classes = {
	};
	objectVersion = 56;
	objects = {

/* Begin PBXBuildFile section */
		644C1F5629B0D53C00F09267 /* Tabbarv.swift in Sources */ = {isa = PBXBuildFile; fileRef = 644C1F5529B0D53C00F09267 /* Tabbarv.swift */; };
		64532C0529A956AB00919144 /* T1_PomodoroApp.swift in Sources */ = {isa = PBXBuildFile; fileRef = 64532C0429A956AB00919144 /* T1_PomodoroApp.swift */; };
		64532C0929A956AB00919144 /* Assets.xcassets in Resources */ = {isa = PBXBuildFile; fileRef = 64532C0829A956AB00919144 /* Assets.xcassets */; };
		64532C0C29A956AB00919144 /* Preview Assets.xcassets in Resources */ = {isa = PBXBuildFile; fileRef = 64532C0B29A956AB00919144 /* Preview Assets.xcassets */; };
		64532C1629A956AC00919144 /* T1_PomodoroTests.swift in Sources */ = {isa = PBXBuildFile; fileRef = 64532C1529A956AC00919144 /* T1_PomodoroTests.swift */; };
		64532C2029A956AC00919144 /* T1_PomodoroUITests.swift in Sources */ = {isa = PBXBuildFile; fileRef = 64532C1F29A956AC00919144 /* T1_PomodoroUITests.swift */; };
		64532C2229A956AC00919144 /* T1_PomodoroUITestsLaunchTests.swift in Sources */ = {isa = PBXBuildFile; fileRef = 64532C2129A956AC00919144 /* T1_PomodoroUITestsLaunchTests.swift */; };
		6458E6BE29AFC5AA00B3D2B9 /* SiteView.swift in Sources */ = {isa = PBXBuildFile; fileRef = 6458E6BD29AFC5AA00B3D2B9 /* SiteView.swift */; };
		645E11A929AB6723001D2A5E /* TimerWithMS.swift in Sources */ = {isa = PBXBuildFile; fileRef = 645E11A829AB6723001D2A5E /* TimerWithMS.swift */; };
		645F359429AE25440041BEEE /* tada.mp3 in Resources */ = {isa = PBXBuildFile; fileRef = 645F359329AE25440041BEEE /* tada.mp3 */; };
		6486393D29ACED21009E4731 /* Testing4.swift in Sources */ = {isa = PBXBuildFile; fileRef = 6486393C29ACED21009E4731 /* Testing4.swift */; };
		6486393F29ACED2D009E4731 /* Testing4ViewModel.swift in Sources */ = {isa = PBXBuildFile; fileRef = 6486393E29ACED2D009E4731 /* Testing4ViewModel.swift */; };
		64ECDB4F29AD37B6002FFB47 /* PomodoroView.swift in Sources */ = {isa = PBXBuildFile; fileRef = 64ECDB4E29AD37B6002FFB47 /* PomodoroView.swift */; };
		64ECDB5129AD4078002FFB47 /* StatisticView.swift in Sources */ = {isa = PBXBuildFile; fileRef = 64ECDB5029AD4078002FFB47 /* StatisticView.swift */; };
/* End PBXBuildFile section */

/* Begin PBXContainerItemProxy section */
		64532C1229A956AC00919144 /* PBXContainerItemProxy */ = {
			isa = PBXContainerItemProxy;
			containerPortal = 64532BF929A956AB00919144 /* Project object */;
			proxyType = 1;
			remoteGlobalIDString = 64532C0029A956AB00919144;
			remoteInfo = "T1-Pomodoro";
		};
		64532C1C29A956AC00919144 /* PBXContainerItemProxy */ = {
			isa = PBXContainerItemProxy;
			containerPortal = 64532BF929A956AB00919144 /* Project object */;
			proxyType = 1;
			remoteGlobalIDString = 64532C0029A956AB00919144;
			remoteInfo = "T1-Pomodoro";
		};
/* End PBXContainerItemProxy section */

/* Begin PBXFileReference section */
		644C1F5529B0D53C00F09267 /* Tabbarv.swift */ = {isa = PBXFileReference; lastKnownFileType = sourcecode.swift; path = Tabbarv.swift; sourceTree = "<group>"; };
		64532C0129A956AB00919144 /* T1-Pomodoro.app */ = {isa = PBXFileReference; explicitFileType = wrapper.application; includeInIndex = 0; path = "T1-Pomodoro.app"; sourceTree = BUILT_PRODUCTS_DIR; };
		64532C0429A956AB00919144 /* T1_PomodoroApp.swift */ = {isa = PBXFileReference; lastKnownFileType = sourcecode.swift; path = T1_PomodoroApp.swift; sourceTree = "<group>"; };
		64532C0829A956AB00919144 /* Assets.xcassets */ = {isa = PBXFileReference; lastKnownFileType = folder.assetcatalog; path = Assets.xcassets; sourceTree = "<group>"; };
		64532C0B29A956AB00919144 /* Preview Assets.xcassets */ = {isa = PBXFileReference; lastKnownFileType = folder.assetcatalog; path = "Preview Assets.xcassets"; sourceTree = "<group>"; };
		64532C1129A956AC00919144 /* T1-PomodoroTests.xctest */ = {isa = PBXFileReference; explicitFileType = wrapper.cfbundle; includeInIndex = 0; path = "T1-PomodoroTests.xctest"; sourceTree = BUILT_PRODUCTS_DIR; };
		64532C1529A956AC00919144 /* T1_PomodoroTests.swift */ = {isa = PBXFileReference; lastKnownFileType = sourcecode.swift; path = T1_PomodoroTests.swift; sourceTree = "<group>"; };
		64532C1B29A956AC00919144 /* T1-PomodoroUITests.xctest */ = {isa = PBXFileReference; explicitFileType = wrapper.cfbundle; includeInIndex = 0; path = "T1-PomodoroUITests.xctest"; sourceTree = BUILT_PRODUCTS_DIR; };
		64532C1F29A956AC00919144 /* T1_PomodoroUITests.swift */ = {isa = PBXFileReference; lastKnownFileType = sourcecode.swift; path = T1_PomodoroUITests.swift; sourceTree = "<group>"; };
		64532C2129A956AC00919144 /* T1_PomodoroUITestsLaunchTests.swift */ = {isa = PBXFileReference; lastKnownFileType = sourcecode.swift; path = T1_PomodoroUITestsLaunchTests.swift; sourceTree = "<group>"; };
		6458E6BD29AFC5AA00B3D2B9 /* SiteView.swift */ = {isa = PBXFileReference; lastKnownFileType = sourcecode.swift; path = SiteView.swift; sourceTree = "<group>"; };
		645E11A829AB6723001D2A5E /* TimerWithMS.swift */ = {isa = PBXFileReference; lastKnownFileType = sourcecode.swift; path = TimerWithMS.swift; sourceTree = "<group>"; };
		645F359329AE25440041BEEE /* tada.mp3 */ = {isa = PBXFileReference; lastKnownFileType = audio.mp3; name = tada.mp3; path = "../../../../../../../Downloads/tada-sound/tada.mp3"; sourceTree = "<group>"; };
		6486393C29ACED21009E4731 /* Testing4.swift */ = {isa = PBXFileReference; lastKnownFileType = sourcecode.swift; path = Testing4.swift; sourceTree = "<group>"; };
		6486393E29ACED2D009E4731 /* Testing4ViewModel.swift */ = {isa = PBXFileReference; lastKnownFileType = sourcecode.swift; path = Testing4ViewModel.swift; sourceTree = "<group>"; };
		64ECDB4E29AD37B6002FFB47 /* PomodoroView.swift */ = {isa = PBXFileReference; lastKnownFileType = sourcecode.swift; path = PomodoroView.swift; sourceTree = "<group>"; };
		64ECDB5029AD4078002FFB47 /* StatisticView.swift */ = {isa = PBXFileReference; lastKnownFileType = sourcecode.swift; path = StatisticView.swift; sourceTree = "<group>"; };
/* End PBXFileReference section */

/* Begin PBXFrameworksBuildPhase section */
		64532BFE29A956AB00919144 /* Frameworks */ = {
			isa = PBXFrameworksBuildPhase;
			buildActionMask = 2147483647;
			files = (
			);
			runOnlyForDeploymentPostprocessing = 0;
		};
		64532C0E29A956AC00919144 /* Frameworks */ = {
			isa = PBXFrameworksBuildPhase;
			buildActionMask = 2147483647;
			files = (
			);
			runOnlyForDeploymentPostprocessing = 0;
		};
		64532C1829A956AC00919144 /* Frameworks */ = {
			isa = PBXFrameworksBuildPhase;
			buildActionMask = 2147483647;
			files = (
			);
			runOnlyForDeploymentPostprocessing = 0;
		};
/* End PBXFrameworksBuildPhase section */

/* Begin PBXGroup section */
		64532BF829A956AB00919144 = {
			isa = PBXGroup;
			children = (
				64532C0329A956AB00919144 /* T1-Pomodoro */,
				64532C1429A956AC00919144 /* T1-PomodoroTests */,
				64532C1E29A956AC00919144 /* T1-PomodoroUITests */,
				64532C0229A956AB00919144 /* Products */,
			);
			sourceTree = "<group>";
		};
		64532C0229A956AB00919144 /* Products */ = {
			isa = PBXGroup;
			children = (
				64532C0129A956AB00919144 /* T1-Pomodoro.app */,
				64532C1129A956AC00919144 /* T1-PomodoroTests.xctest */,
				64532C1B29A956AC00919144 /* T1-PomodoroUITests.xctest */,
			);
			name = Products;
			sourceTree = "<group>";
		};
		64532C0329A956AB00919144 /* T1-Pomodoro */ = {
			isa = PBXGroup;
			children = (
				64CA188329B0A1E300BEA18B /* Testing5 */,
				6486393B29ACED15009E4731 /* Testing4 */,
				64532C0429A956AB00919144 /* T1_PomodoroApp.swift */,
				645E11A829AB6723001D2A5E /* TimerWithMS.swift */,
				64532C0829A956AB00919144 /* Assets.xcassets */,
				64532C0A29A956AB00919144 /* Preview Content */,
			);
			path = "T1-Pomodoro";
			sourceTree = "<group>";
		};
		64532C0A29A956AB00919144 /* Preview Content */ = {
			isa = PBXGroup;
			children = (
				64532C0B29A956AB00919144 /* Preview Assets.xcassets */,
			);
			path = "Preview Content";
			sourceTree = "<group>";
		};
		64532C1429A956AC00919144 /* T1-PomodoroTests */ = {
			isa = PBXGroup;
			children = (
				64532C1529A956AC00919144 /* T1_PomodoroTests.swift */,
			);
			path = "T1-PomodoroTests";
			sourceTree = "<group>";
		};
		64532C1E29A956AC00919144 /* T1-PomodoroUITests */ = {
			isa = PBXGroup;
			children = (
				64532C1F29A956AC00919144 /* T1_PomodoroUITests.swift */,
				64532C2129A956AC00919144 /* T1_PomodoroUITestsLaunchTests.swift */,
			);
			path = "T1-PomodoroUITests";
			sourceTree = "<group>";
		};
		6486393B29ACED15009E4731 /* Testing4 */ = {
			isa = PBXGroup;
			children = (
				64ECDB4E29AD37B6002FFB47 /* PomodoroView.swift */,
				6486393C29ACED21009E4731 /* Testing4.swift */,
				6486393E29ACED2D009E4731 /* Testing4ViewModel.swift */,
				64ECDB5029AD4078002FFB47 /* StatisticView.swift */,
				645F359329AE25440041BEEE /* tada.mp3 */,
				6458E6BD29AFC5AA00B3D2B9 /* SiteView.swift */,
			);
			path = Testing4;
			sourceTree = "<group>";
		};
		64CA188329B0A1E300BEA18B /* Testing5 */ = {
			isa = PBXGroup;
			children = (
				644C1F5529B0D53C00F09267 /* Tabbarv.swift */,
			);
			path = Testing5;
			sourceTree = "<group>";
		};
/* End PBXGroup section */

/* Begin PBXNativeTarget section */
		64532C0029A956AB00919144 /* T1-Pomodoro */ = {
			isa = PBXNativeTarget;
			buildConfigurationList = 64532C2529A956AC00919144 /* Build configuration list for PBXNativeTarget "T1-Pomodoro" */;
			buildPhases = (
				64532BFD29A956AB00919144 /* Sources */,
				64532BFE29A956AB00919144 /* Frameworks */,
				64532BFF29A956AB00919144 /* Resources */,
			);
			buildRules = (
			);
			dependencies = (
			);
			name = "T1-Pomodoro";
			productName = "T1-Pomodoro";
			productReference = 64532C0129A956AB00919144 /* T1-Pomodoro.app */;
			productType = "com.apple.product-type.application";
		};
		64532C1029A956AC00919144 /* T1-PomodoroTests */ = {
			isa = PBXNativeTarget;
			buildConfigurationList = 64532C2829A956AC00919144 /* Build configuration list for PBXNativeTarget "T1-PomodoroTests" */;
			buildPhases = (
				64532C0D29A956AC00919144 /* Sources */,
				64532C0E29A956AC00919144 /* Frameworks */,
				64532C0F29A956AC00919144 /* Resources */,
			);
			buildRules = (
			);
			dependencies = (
				64532C1329A956AC00919144 /* PBXTargetDependency */,
			);
			name = "T1-PomodoroTests";
			productName = "T1-PomodoroTests";
			productReference = 64532C1129A956AC00919144 /* T1-PomodoroTests.xctest */;
			productType = "com.apple.product-type.bundle.unit-test";
		};
		64532C1A29A956AC00919144 /* T1-PomodoroUITests */ = {
			isa = PBXNativeTarget;
			buildConfigurationList = 64532C2B29A956AC00919144 /* Build configuration list for PBXNativeTarget "T1-PomodoroUITests" */;
			buildPhases = (
				64532C1729A956AC00919144 /* Sources */,
				64532C1829A956AC00919144 /* Frameworks */,
				64532C1929A956AC00919144 /* Resources */,
			);
			buildRules = (
			);
			dependencies = (
				64532C1D29A956AC00919144 /* PBXTargetDependency */,
			);
			name = "T1-PomodoroUITests";
			productName = "T1-PomodoroUITests";
			productReference = 64532C1B29A956AC00919144 /* T1-PomodoroUITests.xctest */;
			productType = "com.apple.product-type.bundle.ui-testing";
		};
/* End PBXNativeTarget section */

/* Begin PBXProject section */
		64532BF929A956AB00919144 /* Project object */ = {
			isa = PBXProject;
			attributes = {
				BuildIndependentTargetsInParallel = 1;
				LastSwiftUpdateCheck = 1420;
				LastUpgradeCheck = 1420;
				TargetAttributes = {
					64532C0029A956AB00919144 = {
						CreatedOnToolsVersion = 14.2;
					};
					64532C1029A956AC00919144 = {
						CreatedOnToolsVersion = 14.2;
						TestTargetID = 64532C0029A956AB00919144;
					};
					64532C1A29A956AC00919144 = {
						CreatedOnToolsVersion = 14.2;
						TestTargetID = 64532C0029A956AB00919144;
					};
				};
			};
			buildConfigurationList = 64532BFC29A956AB00919144 /* Build configuration list for PBXProject "T1-Pomodoro" */;
			compatibilityVersion = "Xcode 14.0";
			developmentRegion = en;
			hasScannedForEncodings = 0;
			knownRegions = (
				en,
				Base,
			);
			mainGroup = 64532BF829A956AB00919144;
			productRefGroup = 64532C0229A956AB00919144 /* Products */;
			projectDirPath = "";
			projectRoot = "";
			targets = (
				64532C0029A956AB00919144 /* T1-Pomodoro */,
				64532C1029A956AC00919144 /* T1-PomodoroTests */,
				64532C1A29A956AC00919144 /* T1-PomodoroUITests */,
			);
		};
/* End PBXProject section */

/* Begin PBXResourcesBuildPhase section */
		64532BFF29A956AB00919144 /* Resources */ = {
			isa = PBXResourcesBuildPhase;
			buildActionMask = 2147483647;
			files = (
				64532C0C29A956AB00919144 /* Preview Assets.xcassets in Resources */,
				645F359429AE25440041BEEE /* tada.mp3 in Resources */,
				64532C0929A956AB00919144 /* Assets.xcassets in Resources */,
			);
			runOnlyForDeploymentPostprocessing = 0;
		};
		64532C0F29A956AC00919144 /* Resources */ = {
			isa = PBXResourcesBuildPhase;
			buildActionMask = 2147483647;
			files = (
			);
			runOnlyForDeploymentPostprocessing = 0;
		};
		64532C1929A956AC00919144 /* Resources */ = {
			isa = PBXResourcesBuildPhase;
			buildActionMask = 2147483647;
			files = (
			);
			runOnlyForDeploymentPostprocessing = 0;
		};
/* End PBXResourcesBuildPhase section */

/* Begin PBXSourcesBuildPhase section */
		64532BFD29A956AB00919144 /* Sources */ = {
			isa = PBXSourcesBuildPhase;
			buildActionMask = 2147483647;
			files = (
				6486393F29ACED2D009E4731 /* Testing4ViewModel.swift in Sources */,
				64532C0529A956AB00919144 /* T1_PomodoroApp.swift in Sources */,
				644C1F5629B0D53C00F09267 /* Tabbarv.swift in Sources */,
				645E11A929AB6723001D2A5E /* TimerWithMS.swift in Sources */,
				64ECDB5129AD4078002FFB47 /* StatisticView.swift in Sources */,
				6486393D29ACED21009E4731 /* Testing4.swift in Sources */,
				64ECDB4F29AD37B6002FFB47 /* PomodoroView.swift in Sources */,
				6458E6BE29AFC5AA00B3D2B9 /* SiteView.swift in Sources */,
			);
			runOnlyForDeploymentPostprocessing = 0;
		};
		64532C0D29A956AC00919144 /* Sources */ = {
			isa = PBXSourcesBuildPhase;
			buildActionMask = 2147483647;
			files = (
				64532C1629A956AC00919144 /* T1_PomodoroTests.swift in Sources */,
			);
			runOnlyForDeploymentPostprocessing = 0;
		};
		64532C1729A956AC00919144 /* Sources */ = {
			isa = PBXSourcesBuildPhase;
			buildActionMask = 2147483647;
			files = (
				64532C2229A956AC00919144 /* T1_PomodoroUITestsLaunchTests.swift in Sources */,
				64532C2029A956AC00919144 /* T1_PomodoroUITests.swift in Sources */,
			);
			runOnlyForDeploymentPostprocessing = 0;
		};
/* End PBXSourcesBuildPhase section */

/* Begin PBXTargetDependency section */
		64532C1329A956AC00919144 /* PBXTargetDependency */ = {
			isa = PBXTargetDependency;
			target = 64532C0029A956AB00919144 /* T1-Pomodoro */;
			targetProxy = 64532C1229A956AC00919144 /* PBXContainerItemProxy */;
		};
		64532C1D29A956AC00919144 /* PBXTargetDependency */ = {
			isa = PBXTargetDependency;
			target = 64532C0029A956AB00919144 /* T1-Pomodoro */;
			targetProxy = 64532C1C29A956AC00919144 /* PBXContainerItemProxy */;
		};
/* End PBXTargetDependency section */

/* Begin XCBuildConfiguration section */
		64532C2329A956AC00919144 /* Debug */ = {
			isa = XCBuildConfiguration;
			buildSettings = {
				ALWAYS_SEARCH_USER_PATHS = NO;
				CLANG_ANALYZER_NONNULL = YES;
				CLANG_ANALYZER_NUMBER_OBJECT_CONVERSION = YES_AGGRESSIVE;
				CLANG_CXX_LANGUAGE_STANDARD = "gnu++20";
				CLANG_ENABLE_MODULES = YES;
				CLANG_ENABLE_OBJC_ARC = YES;
				CLANG_ENABLE_OBJC_WEAK = YES;
				CLANG_WARN_BLOCK_CAPTURE_AUTORELEASING = YES;
				CLANG_WARN_BOOL_CONVERSION = YES;
				CLANG_WARN_COMMA = YES;
				CLANG_WARN_CONSTANT_CONVERSION = YES;
				CLANG_WARN_DEPRECATED_OBJC_IMPLEMENTATIONS = YES;
				CLANG_WARN_DIRECT_OBJC_ISA_USAGE = YES_ERROR;
				CLANG_WARN_DOCUMENTATION_COMMENTS = YES;
				CLANG_WARN_EMPTY_BODY = YES;
				CLANG_WARN_ENUM_CONVERSION = YES;
				CLANG_WARN_INFINITE_RECURSION = YES;
				CLANG_WARN_INT_CONVERSION = YES;
				CLANG_WARN_NON_LITERAL_NULL_CONVERSION = YES;
				CLANG_WARN_OBJC_IMPLICIT_RETAIN_SELF = YES;
				CLANG_WARN_OBJC_LITERAL_CONVERSION = YES;
				CLANG_WARN_OBJC_ROOT_CLASS = YES_ERROR;
				CLANG_WARN_QUOTED_INCLUDE_IN_FRAMEWORK_HEADER = YES;
				CLANG_WARN_RANGE_LOOP_ANALYSIS = YES;
				CLANG_WARN_STRICT_PROTOTYPES = YES;
				CLANG_WARN_SUSPICIOUS_MOVE = YES;
				CLANG_WARN_UNGUARDED_AVAILABILITY = YES_AGGRESSIVE;
				CLANG_WARN_UNREACHABLE_CODE = YES;
				CLANG_WARN__DUPLICATE_METHOD_MATCH = YES;
				COPY_PHASE_STRIP = NO;
				DEBUG_INFORMATION_FORMAT = dwarf;
				ENABLE_STRICT_OBJC_MSGSEND = YES;
				ENABLE_TESTABILITY = YES;
				GCC_C_LANGUAGE_STANDARD = gnu11;
				GCC_DYNAMIC_NO_PIC = NO;
				GCC_NO_COMMON_BLOCKS = YES;
				GCC_OPTIMIZATION_LEVEL = 0;
				GCC_PREPROCESSOR_DEFINITIONS = (
					"DEBUG=1",
					"$(inherited)",
				);
				GCC_WARN_64_TO_32_BIT_CONVERSION = YES;
				GCC_WARN_ABOUT_RETURN_TYPE = YES_ERROR;
				GCC_WARN_UNDECLARED_SELECTOR = YES;
				GCC_WARN_UNINITIALIZED_AUTOS = YES_AGGRESSIVE;
				GCC_WARN_UNUSED_FUNCTION = YES;
				GCC_WARN_UNUSED_VARIABLE = YES;
				IPHONEOS_DEPLOYMENT_TARGET = 16.2;
				MTL_ENABLE_DEBUG_INFO = INCLUDE_SOURCE;
				MTL_FAST_MATH = YES;
				ONLY_ACTIVE_ARCH = YES;
				SDKROOT = iphoneos;
				SWIFT_ACTIVE_COMPILATION_CONDITIONS = DEBUG;
				SWIFT_OPTIMIZATION_LEVEL = "-Onone";
			};
			name = Debug;
		};
		64532C2429A956AC00919144 /* Release */ = {
			isa = XCBuildConfiguration;
			buildSettings = {
				ALWAYS_SEARCH_USER_PATHS = NO;
				CLANG_ANALYZER_NONNULL = YES;
				CLANG_ANALYZER_NUMBER_OBJECT_CONVERSION = YES_AGGRESSIVE;
				CLANG_CXX_LANGUAGE_STANDARD = "gnu++20";
				CLANG_ENABLE_MODULES = YES;
				CLANG_ENABLE_OBJC_ARC = YES;
				CLANG_ENABLE_OBJC_WEAK = YES;
				CLANG_WARN_BLOCK_CAPTURE_AUTORELEASING = YES;
				CLANG_WARN_BOOL_CONVERSION = YES;
				CLANG_WARN_COMMA = YES;
				CLANG_WARN_CONSTANT_CONVERSION = YES;
				CLANG_WARN_DEPRECATED_OBJC_IMPLEMENTATIONS = YES;
				CLANG_WARN_DIRECT_OBJC_ISA_USAGE = YES_ERROR;
				CLANG_WARN_DOCUMENTATION_COMMENTS = YES;
				CLANG_WARN_EMPTY_BODY = YES;
				CLANG_WARN_ENUM_CONVERSION = YES;
				CLANG_WARN_INFINITE_RECURSION = YES;
				CLANG_WARN_INT_CONVERSION = YES;
				CLANG_WARN_NON_LITERAL_NULL_CONVERSION = YES;
				CLANG_WARN_OBJC_IMPLICIT_RETAIN_SELF = YES;
				CLANG_WARN_OBJC_LITERAL_CONVERSION = YES;
				CLANG_WARN_OBJC_ROOT_CLASS = YES_ERROR;
				CLANG_WARN_QUOTED_INCLUDE_IN_FRAMEWORK_HEADER = YES;
				CLANG_WARN_RANGE_LOOP_ANALYSIS = YES;
				CLANG_WARN_STRICT_PROTOTYPES = YES;
				CLANG_WARN_SUSPICIOUS_MOVE = YES;
				CLANG_WARN_UNGUARDED_AVAILABILITY = YES_AGGRESSIVE;
				CLANG_WARN_UNREACHABLE_CODE = YES;
				CLANG_WARN__DUPLICATE_METHOD_MATCH = YES;
				COPY_PHASE_STRIP = NO;
				DEBUG_INFORMATION_FORMAT = "dwarf-with-dsym";
				ENABLE_NS_ASSERTIONS = NO;
				ENABLE_STRICT_OBJC_MSGSEND = YES;
				GCC_C_LANGUAGE_STANDARD = gnu11;
				GCC_NO_COMMON_BLOCKS = YES;
				GCC_WARN_64_TO_32_BIT_CONVERSION = YES;
				GCC_WARN_ABOUT_RETURN_TYPE = YES_ERROR;
				GCC_WARN_UNDECLARED_SELECTOR = YES;
				GCC_WARN_UNINITIALIZED_AUTOS = YES_AGGRESSIVE;
				GCC_WARN_UNUSED_FUNCTION = YES;
				GCC_WARN_UNUSED_VARIABLE = YES;
				IPHONEOS_DEPLOYMENT_TARGET = 16.2;
				MTL_ENABLE_DEBUG_INFO = NO;
				MTL_FAST_MATH = YES;
				SDKROOT = iphoneos;
				SWIFT_COMPILATION_MODE = wholemodule;
				SWIFT_OPTIMIZATION_LEVEL = "-O";
				VALIDATE_PRODUCT = YES;
			};
			name = Release;
		};
		64532C2629A956AC00919144 /* Debug */ = {
			isa = XCBuildConfiguration;
			buildSettings = {
				ASSETCATALOG_COMPILER_APPICON_NAME = AppIcon;
				ASSETCATALOG_COMPILER_GLOBAL_ACCENT_COLOR_NAME = AccentColor;
				CODE_SIGN_STYLE = Automatic;
				CURRENT_PROJECT_VERSION = 1;
				DEVELOPMENT_ASSET_PATHS = "\"T1-Pomodoro/Preview Content\"";
				DEVELOPMENT_TEAM = ZUD457WP4X;
				ENABLE_PREVIEWS = YES;
				GENERATE_INFOPLIST_FILE = YES;
				INFOPLIST_KEY_UIApplicationSceneManifest_Generation = YES;
				INFOPLIST_KEY_UIApplicationSupportsIndirectInputEvents = YES;
				INFOPLIST_KEY_UILaunchScreen_Generation = YES;
				INFOPLIST_KEY_UISupportedInterfaceOrientations_iPad = "UIInterfaceOrientationPortrait UIInterfaceOrientationPortraitUpsideDown UIInterfaceOrientationLandscapeLeft UIInterfaceOrientationLandscapeRight";
				INFOPLIST_KEY_UISupportedInterfaceOrientations_iPhone = "UIInterfaceOrientationPortrait UIInterfaceOrientationLandscapeLeft UIInterfaceOrientationLandscapeRight";
				IPHONEOS_DEPLOYMENT_TARGET = 16.0;
				LD_RUNPATH_SEARCH_PATHS = (
					"$(inherited)",
					"@executable_path/Frameworks",
				);
				MARKETING_VERSION = 1.0;
				PRODUCT_BUNDLE_IDENTIFIER = "com.emreusul.T1-Pomodoro";
				PRODUCT_NAME = "$(TARGET_NAME)";
				SWIFT_EMIT_LOC_STRINGS = YES;
				SWIFT_VERSION = 5.0;
				TARGETED_DEVICE_FAMILY = "1,2";
			};
			name = Debug;
		};
		64532C2729A956AC00919144 /* Release */ = {
			isa = XCBuildConfiguration;
			buildSettings = {
				ASSETCATALOG_COMPILER_APPICON_NAME = AppIcon;
				ASSETCATALOG_COMPILER_GLOBAL_ACCENT_COLOR_NAME = AccentColor;
				CODE_SIGN_STYLE = Automatic;
				CURRENT_PROJECT_VERSION = 1;
				DEVELOPMENT_ASSET_PATHS = "\"T1-Pomodoro/Preview Content\"";
				DEVELOPMENT_TEAM = ZUD457WP4X;
				ENABLE_PREVIEWS = YES;
				GENERATE_INFOPLIST_FILE = YES;
				INFOPLIST_KEY_UIApplicationSceneManifest_Generation = YES;
				INFOPLIST_KEY_UIApplicationSupportsIndirectInputEvents = YES;
				INFOPLIST_KEY_UILaunchScreen_Generation = YES;
				INFOPLIST_KEY_UISupportedInterfaceOrientations_iPad = "UIInterfaceOrientationPortrait UIInterfaceOrientationPortraitUpsideDown UIInterfaceOrientationLandscapeLeft UIInterfaceOrientationLandscapeRight";
				INFOPLIST_KEY_UISupportedInterfaceOrientations_iPhone = "UIInterfaceOrientationPortrait UIInterfaceOrientationLandscapeLeft UIInterfaceOrientationLandscapeRight";
				IPHONEOS_DEPLOYMENT_TARGET = 16.0;
				LD_RUNPATH_SEARCH_PATHS = (
					"$(inherited)",
					"@executable_path/Frameworks",
				);
				MARKETING_VERSION = 1.0;
				PRODUCT_BUNDLE_IDENTIFIER = "com.emreusul.T1-Pomodoro";
				PRODUCT_NAME = "$(TARGET_NAME)";
				SWIFT_EMIT_LOC_STRINGS = YES;
				SWIFT_VERSION = 5.0;
				TARGETED_DEVICE_FAMILY = "1,2";
			};
			name = Release;
		};
		64532C2929A956AC00919144 /* Debug */ = {
			isa = XCBuildConfiguration;
			buildSettings = {
				ALWAYS_EMBED_SWIFT_STANDARD_LIBRARIES = YES;
				BUNDLE_LOADER = "$(TEST_HOST)";
				CODE_SIGN_STYLE = Automatic;
				CURRENT_PROJECT_VERSION = 1;
				DEVELOPMENT_TEAM = ZUD457WP4X;
				GENERATE_INFOPLIST_FILE = YES;
				IPHONEOS_DEPLOYMENT_TARGET = 16.2;
				MARKETING_VERSION = 1.0;
				PRODUCT_BUNDLE_IDENTIFIER = "com.emreusul.T1-PomodoroTests";
				PRODUCT_NAME = "$(TARGET_NAME)";
				SWIFT_EMIT_LOC_STRINGS = NO;
				SWIFT_VERSION = 5.0;
				TARGETED_DEVICE_FAMILY = "1,2";
				TEST_HOST = "$(BUILT_PRODUCTS_DIR)/T1-Pomodoro.app/$(BUNDLE_EXECUTABLE_FOLDER_PATH)/T1-Pomodoro";
			};
			name = Debug;
		};
		64532C2A29A956AC00919144 /* Release */ = {
			isa = XCBuildConfiguration;
			buildSettings = {
				ALWAYS_EMBED_SWIFT_STANDARD_LIBRARIES = YES;
				BUNDLE_LOADER = "$(TEST_HOST)";
				CODE_SIGN_STYLE = Automatic;
				CURRENT_PROJECT_VERSION = 1;
				DEVELOPMENT_TEAM = ZUD457WP4X;
				GENERATE_INFOPLIST_FILE = YES;
				IPHONEOS_DEPLOYMENT_TARGET = 16.2;
				MARKETING_VERSION = 1.0;
				PRODUCT_BUNDLE_IDENTIFIER = "com.emreusul.T1-PomodoroTests";
				PRODUCT_NAME = "$(TARGET_NAME)";
				SWIFT_EMIT_LOC_STRINGS = NO;
				SWIFT_VERSION = 5.0;
				TARGETED_DEVICE_FAMILY = "1,2";
				TEST_HOST = "$(BUILT_PRODUCTS_DIR)/T1-Pomodoro.app/$(BUNDLE_EXECUTABLE_FOLDER_PATH)/T1-Pomodoro";
			};
			name = Release;
		};
		64532C2C29A956AC00919144 /* Debug */ = {
			isa = XCBuildConfiguration;
			buildSettings = {
				ALWAYS_EMBED_SWIFT_STANDARD_LIBRARIES = YES;
				CODE_SIGN_STYLE = Automatic;
				CURRENT_PROJECT_VERSION = 1;
				DEVELOPMENT_TEAM = ZUD457WP4X;
				GENERATE_INFOPLIST_FILE = YES;
				MARKETING_VERSION = 1.0;
				PRODUCT_BUNDLE_IDENTIFIER = "com.emreusul.T1-PomodoroUITests";
				PRODUCT_NAME = "$(TARGET_NAME)";
				SWIFT_EMIT_LOC_STRINGS = NO;
				SWIFT_VERSION = 5.0;
				TARGETED_DEVICE_FAMILY = "1,2";
				TEST_TARGET_NAME = "T1-Pomodoro";
			};
			name = Debug;
		};
		64532C2D29A956AC00919144 /* Release */ = {
			isa = XCBuildConfiguration;
			buildSettings = {
				ALWAYS_EMBED_SWIFT_STANDARD_LIBRARIES = YES;
				CODE_SIGN_STYLE = Automatic;
				CURRENT_PROJECT_VERSION = 1;
				DEVELOPMENT_TEAM = ZUD457WP4X;
				GENERATE_INFOPLIST_FILE = YES;
				MARKETING_VERSION = 1.0;
				PRODUCT_BUNDLE_IDENTIFIER = "com.emreusul.T1-PomodoroUITests";
				PRODUCT_NAME = "$(TARGET_NAME)";
				SWIFT_EMIT_LOC_STRINGS = NO;
				SWIFT_VERSION = 5.0;
				TARGETED_DEVICE_FAMILY = "1,2";
				TEST_TARGET_NAME = "T1-Pomodoro";
			};
			name = Release;
		};
/* End XCBuildConfiguration section */

/* Begin XCConfigurationList section */
		64532BFC29A956AB00919144 /* Build configuration list for PBXProject "T1-Pomodoro" */ = {
			isa = XCConfigurationList;
			buildConfigurations = (
				64532C2329A956AC00919144 /* Debug */,
				64532C2429A956AC00919144 /* Release */,
			);
			defaultConfigurationIsVisible = 0;
			defaultConfigurationName = Release;
		};
		64532C2529A956AC00919144 /* Build configuration list for PBXNativeTarget "T1-Pomodoro" */ = {
			isa = XCConfigurationList;
			buildConfigurations = (
				64532C2629A956AC00919144 /* Debug */,
				64532C2729A956AC00919144 /* Release */,
			);
			defaultConfigurationIsVisible = 0;
			defaultConfigurationName = Release;
		};
		64532C2829A956AC00919144 /* Build configuration list for PBXNativeTarget "T1-PomodoroTests" */ = {
			isa = XCConfigurationList;
			buildConfigurations = (
				64532C2929A956AC00919144 /* Debug */,
				64532C2A29A956AC00919144 /* Release */,
			);
			defaultConfigurationIsVisible = 0;
			defaultConfigurationName = Release;
		};
		64532C2B29A956AC00919144 /* Build configuration list for PBXNativeTarget "T1-PomodoroUITests" */ = {
			isa = XCConfigurationList;
			buildConfigurations = (
				64532C2C29A956AC00919144 /* Debug */,
				64532C2D29A956AC00919144 /* Release */,
			);
			defaultConfigurationIsVisible = 0;
			defaultConfigurationName = Release;
		};
/* End XCConfigurationList section */
	};
	rootObject = 64532BF929A956AB00919144 /* Project object */;
}
